
Microsoft Visual Studio Solution File, Format Version 12.00
# Visual Studio 15
VisualStudioVersion = 15.0.27428.2015
MinimumVisualStudioVersion = 10.0.40219.1
Project("{151D2E53-A2C4-4D7D-83FE-D05416EBD58E}") = "AgentVM", "AgentVM\AgentVM.deployproj", "{2B79B6C2-5EEB-43A8-ABA9-F2C033418066}"
EndProject
Project("{151D2E53-A2C4-4D7D-83FE-D05416EBD58E}") = "DevOpsAse", "DevOpsAse\DevOpsAse.deployproj", "{621AB447-041E-4CA1-86B3-7473A6C62931}"
EndProject
Project("{151D2E53-A2C4-4D7D-83FE-D05416EBD58E}") = "AppServiceEnvironment", "AppServiceEnvironment\AppServiceEnvironment.deployproj", "{5EEBAFA7-19CE-4325-9A31-6699861269AA}"
EndProject
Project("{151D2E53-A2C4-4D7D-83FE-D05416EBD58E}") = "AseWebApp", "AseWebApp\AseWebApp.deployproj", "{2875F2B5-FAC0-4277-B524-15F3049752D9}"
EndProject
Global
	GlobalSection(SolutionConfigurationPlatforms) = preSolution
		Debug|Any CPU = Debug|Any CPU
		Release|Any CPU = Release|Any CPU
	EndGlobalSection
	GlobalSection(ProjectConfigurationPlatforms) = postSolution
		{2B79B6C2-5EEB-43A8-ABA9-F2C033418066}.Debug|Any CPU.ActiveCfg = Debug|Any CPU
		{2B79B6C2-5EEB-43A8-ABA9-F2C033418066}.Debug|Any CPU.Build.0 = Debug|Any CPU
		{2B79B6C2-5EEB-43A8-ABA9-F2C033418066}.Release|Any CPU.ActiveCfg = Release|Any CPU
		{2B79B6C2-5EEB-43A8-ABA9-F2C033418066}.Release|Any CPU.Build.0 = Release|Any CPU
		{621AB447-041E-4CA1-86B3-7473A6C62931}.Debug|Any CPU.ActiveCfg = Debug|Any CPU
		{621AB447-041E-4CA1-86B3-7473A6C62931}.Debug|Any CPU.Build.0 = Debug|Any CPU
		{621AB447-041E-4CA1-86B3-7473A6C62931}.Release|Any CPU.ActiveCfg = Release|Any CPU
		{621AB447-041E-4CA1-86B3-7473A6C62931}.Release|Any CPU.Build.0 = Release|Any CPU
		{5EEBAFA7-19CE-4325-9A31-6699861269AA}.Debug|Any CPU.ActiveCfg = Debug|Any CPU
		{5EEBAFA7-19CE-4325-9A31-6699861269AA}.Debug|Any CPU.Build.0 = Debug|Any CPU
		{5EEBAFA7-19CE-4325-9A31-6699861269AA}.Release|Any CPU.ActiveCfg = Release|Any CPU
		{5EEBAFA7-19CE-4325-9A31-6699861269AA}.Release|Any CPU.Build.0 = Release|Any CPU
		{2875F2B5-FAC0-4277-B524-15F3049752D9}.Debug|Any CPU.ActiveCfg = Debug|Any CPU
		{2875F2B5-FAC0-4277-B524-15F3049752D9}.Debug|Any CPU.Build.0 = Debug|Any CPU
		{2875F2B5-FAC0-4277-B524-15F3049752D9}.Release|Any CPU.ActiveCfg = Release|Any CPU
		{2875F2B5-FAC0-4277-B524-15F3049752D9}.Release|Any CPU.Build.0 = Release|Any CPU
	EndGlobalSection
	GlobalSection(SolutionProperties) = preSolution
		HideSolutionNode = FALSE
	EndGlobalSection
	GlobalSection(ExtensibilityGlobals) = postSolution
		SolutionGuid = {E25B2482-AF34-4D95-A655-10E8340DCDFE}
	EndGlobalSection
EndGlobal
